{
  "name": "canvas-edit",
  "version": "1.0.0",
  "lockfileVersion": 2,
  "requires": true,
  "packages": {
    "": {
      "version": "1.0.0",
      "license": "ISC",
      "dependencies": {
        "esbuild": "^0.8.18"
      },
      "devDependencies": {
        "esbuild-plugin-svg": "^0.1.0"
      }
    },
    "node_modules/@trysound/sax": {
      "version": "0.1.1",
      "resolved": "https://r.cnpmjs.org/@trysound/sax/download/@trysound/sax-0.1.1.tgz",
      "integrity": "sha1-M0hWQEjnotc5jJNdRmwEFOu2pmk=",
      "dev": true,
      "engines": {
        "node": ">=10.13.0"
      }
    },
    "node_modules/ansi-styles": {
      "version": "4.3.0",
      "resolved": "https://r.cnpmjs.org/ansi-styles/download/ansi-styles-4.3.0.tgz",
      "integrity": "sha1-7dgDYornHATIWuegkG7a00tkiTc=",
      "dev": true,
      "dependencies": {
        "color-convert": "^2.0.1"
      },
      "engines": {
        "node": ">=8"
      }
    },
    "node_modules/boolbase": {
      "version": "1.0.0",
      "resolved": "https://r.cnpmjs.org/boolbase/download/boolbase-1.0.0.tgz",
      "integrity": "sha1-aN/1++YMUes3cl6p4+0xDcwed24=",
      "dev": true
    },
    "node_modules/chalk": {
      "version": "4.1.1",
      "resolved": "https://r.cnpmjs.org/chalk/download/chalk-4.1.1.tgz",
      "integrity": "sha1-yAs/qyi/Y3HmhjMl7uZ+YYt35q0=",
      "dev": true,
      "dependencies": {
        "ansi-styles": "^4.1.0",
        "supports-color": "^7.1.0"
      },
      "engines": {
        "node": ">=10"
      }
    },
    "node_modules/color-convert": {
      "version": "2.0.1",
      "resolved": "https://r.cnpmjs.org/color-convert/download/color-convert-2.0.1.tgz",
      "integrity": "sha1-ctOmjVmMm9s68q0ehPIdiWq9TeM=",
      "dev": true,
      "dependencies": {
        "color-name": "~1.1.4"
      },
      "engines": {
        "node": ">=7.0.0"
      }
    },
    "node_modules/color-name": {
      "version": "1.1.4",
      "resolved": "https://r.cnpmjs.org/color-name/download/color-name-1.1.4.tgz",
      "integrity": "sha1-wqCah6y95pVD3m9j+jmVyCbFNqI=",
      "dev": true
    },
    "node_modules/commander": {
      "version": "7.2.0",
      "resolved": "https://r.cnpmjs.org/commander/download/commander-7.2.0.tgz",
      "integrity": "sha1-o2y1fQtQHOEI5NIFWaFQo5HZerc=",
      "dev": true,
      "engines": {
        "node": ">= 10"
      }
    },
    "node_modules/css-select": {
      "version": "4.1.3",
      "resolved": "https://r.cnpmjs.org/css-select/download/css-select-4.1.3.tgz",
      "integrity": "sha1-pwRA9wMX8maRGK10/xBeZYSccGc=",
      "dev": true,
      "dependencies": {
        "boolbase": "^1.0.0",
        "css-what": "^5.0.0",
        "domhandler": "^4.2.0",
        "domutils": "^2.6.0",
        "nth-check": "^2.0.0"
      }
    },
    "node_modules/css-tree": {
      "version": "1.1.3",
      "resolved": "https://r.cnpmjs.org/css-tree/download/css-tree-1.1.3.tgz",
      "integrity": "sha1-60hw+2/XcHMn7JXC/yqwm16NuR0=",
      "dev": true,
      "dependencies": {
        "mdn-data": "2.0.14",
        "source-map": "^0.6.1"
      },
      "engines": {
        "node": ">=8.0.0"
      }
    },
    "node_modules/css-what": {
      "version": "5.0.1",
      "resolved": "https://r.cnpmjs.org/css-what/download/css-what-5.0.1.tgz",
      "integrity": "sha1-PvqCATH0ZpqKwkCPnDLnx96fTK0=",
      "dev": true,
      "engines": {
        "node": ">= 6"
      }
    },
    "node_modules/csso": {
      "version": "4.2.0",
      "resolved": "https://r.cnpmjs.org/csso/download/csso-4.2.0.tgz",
      "integrity": "sha1-6jpWE0bo3J9UbW/r7dUBh884lSk=",
      "dev": true,
      "dependencies": {
        "css-tree": "^1.1.2"
      },
      "engines": {
        "node": ">=8.0.0"
      }
    },
    "node_modules/dom-serializer": {
      "version": "1.3.2",
      "resolved": "https://r.cnpmjs.org/dom-serializer/download/dom-serializer-1.3.2.tgz",
      "integrity": "sha1-YgZDfTLO767HFhgDIwx6ILwbTZE=",
      "dev": true,
      "dependencies": {
        "domelementtype": "^2.0.1",
        "domhandler": "^4.2.0",
        "entities": "^2.0.0"
      }
    },
    "node_modules/domelementtype": {
      "version": "2.2.0",
      "resolved": "https://r.cnpmjs.org/domelementtype/download/domelementtype-2.2.0.tgz",
      "integrity": "sha1-mgtsJ4LtahxzI9QiZxg9+b2LHVc=",
      "dev": true
    },
    "node_modules/domhandler": {
      "version": "4.2.0",
      "resolved": "https://r.cnpmjs.org/domhandler/download/domhandler-4.2.0.tgz",
      "integrity": "sha1-+XaKXwNL5gqJonwuTQ9066DYsFk=",
      "dev": true,
      "dependencies": {
        "domelementtype": "^2.2.0"
      },
      "engines": {
        "node": ">= 4"
      }
    },
    "node_modules/domutils": {
      "version": "2.7.0",
      "resolved": "https://r.cnpmjs.org/domutils/download/domutils-2.7.0.tgz",
      "integrity": "sha1-jrrwxB66/PVbC3LsMcVjI3EsVEI=",
      "dev": true,
      "dependencies": {
        "dom-serializer": "^1.0.1",
        "domelementtype": "^2.2.0",
        "domhandler": "^4.2.0"
      }
    },
    "node_modules/entities": {
      "version": "2.2.0",
      "resolved": "https://r.cnpmjs.org/entities/download/entities-2.2.0.tgz",
      "integrity": "sha1-CY3JDruD2N/6CJ1VJWs1HTTE2lU=",
      "dev": true
    },
    "node_modules/esbuild": {
      "version": "0.8.18",
      "resolved": "https://r.cnpmjs.org/esbuild/download/esbuild-0.8.18.tgz",
      "integrity": "sha1-Soxw34//onFkom2qPsWM5vExVEY=",
      "bin": {
        "esbuild": "bin/esbuild"
      }
    },
    "node_modules/esbuild-plugin-svg": {
      "version": "0.1.0",
      "resolved": "https://r.cnpmjs.org/esbuild-plugin-svg/download/esbuild-plugin-svg-0.1.0.tgz",
      "integrity": "sha1-bG5Sq+CK4XFNI2Els+nBVyQI0yQ=",
      "dev": true,
      "dependencies": {
        "svgo": "^2.2.2"
      }
    },
    "node_modules/has-flag": {
      "version": "4.0.0",
      "resolved": "https://r.cnpmjs.org/has-flag/download/has-flag-4.0.0.tgz",
      "integrity": "sha1-lEdx/ZyByBJlxNaUGGDaBrtZR5s=",
      "dev": true,
      "engines": {
        "node": ">=8"
      }
    },
    "node_modules/mdn-data": {
      "version": "2.0.14",
      "resolved": "https://r.cnpmjs.org/mdn-data/download/mdn-data-2.0.14.tgz",
      "integrity": "sha1-cRP8QoGRfWPOKbQ0RvcB5owlulA=",
      "dev": true
    },
    "node_modules/nth-check": {
      "version": "2.0.0",
      "resolved": "https://r.cnpmjs.org/nth-check/download/nth-check-2.0.0.tgz",
      "integrity": "sha1-G7T22scAcvwxPoyc0UF7UHTAoSU=",
      "dev": true,
      "dependencies": {
        "boolbase": "^1.0.0"
      }
    },
    "node_modules/source-map": {
      "version": "0.6.1",
      "resolved": "https://r.cnpmjs.org/source-map/download/source-map-0.6.1.tgz",
      "integrity": "sha1-dHIq8y6WFOnCh6jQu95IteLxomM=",
      "dev": true,
      "engines": {
        "node": ">=0.10.0"
      }
    },
    "node_modules/stable": {
      "version": "0.1.8",
      "resolved": "https://r.cnpmjs.org/stable/download/stable-0.1.8.tgz",
      "integrity": "sha1-g26zyDgv4pNv6vVEYxAXzn1Ho88=",
      "dev": true
    },
    "node_modules/supports-color": {
      "version": "7.2.0",
      "resolved": "https://r.cnpmjs.org/supports-color/download/supports-color-7.2.0.tgz",
      "integrity": "sha1-G33NyzK4E4gBs+R4umpRyqiWSNo=",
      "dev": true,
      "dependencies": {
        "has-flag": "^4.0.0"
      },
      "engines": {
        "node": ">=8"
      }
    },
    "node_modules/svgo": {
      "version": "2.3.1",
      "resolved": "https://r.cnpmjs.org/svgo/download/svgo-2.3.1.tgz",
      "integrity": "sha1-YDppzlAxHA42eRUo9UlkTsGz9Lw=",
      "dev": true,
      "dependencies": {
        "@trysound/sax": "0.1.1",
        "chalk": "^4.1.0",
        "commander": "^7.1.0",
        "css-select": "^4.1.3",
        "css-tree": "^1.1.2",
        "csso": "^4.2.0",
        "stable": "^0.1.8"
      },
      "bin": {
        "svgo": "bin/svgo"
      },
      "engines": {
        "node": ">=10.13.0"
      }
    }
  },
  "dependencies": {
    "@trysound/sax": {
      "version": "0.1.1",
      "resolved": "https://r.cnpmjs.org/@trysound/sax/download/@trysound/sax-0.1.1.tgz",
      "integrity": "sha1-M0hWQEjnotc5jJNdRmwEFOu2pmk=",
      "dev": true
    },
    "ansi-styles": {
      "version": "4.3.0",
      "resolved": "https://r.cnpmjs.org/ansi-styles/download/ansi-styles-4.3.0.tgz",
      "integrity": "sha1-7dgDYornHATIWuegkG7a00tkiTc=",
      "dev": true,
      "requires": {
        "color-convert": "^2.0.1"
      }
    },
    "boolbase": {
      "version": "1.0.0",
      "resolved": "https://r.cnpmjs.org/boolbase/download/boolbase-1.0.0.tgz",
      "integrity": "sha1-aN/1++YMUes3cl6p4+0xDcwed24=",
      "dev": true
    },
    "chalk": {
      "version": "4.1.1",
      "resolved": "https://r.cnpmjs.org/chalk/download/chalk-4.1.1.tgz",
      "integrity": "sha1-yAs/qyi/Y3HmhjMl7uZ+YYt35q0=",
      "dev": true,
      "requires": {
        "ansi-styles": "^4.1.0",
        "supports-color": "^7.1.0"
      }
    },
    "color-convert": {
      "version": "2.0.1",
      "resolved": "https://r.cnpmjs.org/color-convert/download/color-convert-2.0.1.tgz",
      "integrity": "sha1-ctOmjVmMm9s68q0ehPIdiWq9TeM=",
      "dev": true,
      "requires": {
        "color-name": "~1.1.4"
      }
    },
    "color-name": {
      "version": "1.1.4",
      "resolved": "https://r.cnpmjs.org/color-name/download/color-name-1.1.4.tgz",
      "integrity": "sha1-wqCah6y95pVD3m9j+jmVyCbFNqI=",
      "dev": true
    },
    "commander": {
      "version": "7.2.0",
      "resolved": "https://r.cnpmjs.org/commander/download/commander-7.2.0.tgz",
      "integrity": "sha1-o2y1fQtQHOEI5NIFWaFQo5HZerc=",
      "dev": true
    },
    "css-select": {
      "version": "4.1.3",
      "resolved": "https://r.cnpmjs.org/css-select/download/css-select-4.1.3.tgz",
      "integrity": "sha1-pwRA9wMX8maRGK10/xBeZYSccGc=",
      "dev": true,
      "requires": {
        "boolbase": "^1.0.0",
        "css-what": "^5.0.0",
        "domhandler": "^4.2.0",
        "domutils": "^2.6.0",
        "nth-check": "^2.0.0"
      }
    },
    "css-tree": {
      "version": "1.1.3",
      "resolved": "https://r.cnpmjs.org/css-tree/download/css-tree-1.1.3.tgz",
      "integrity": "sha1-60hw+2/XcHMn7JXC/yqwm16NuR0=",
      "dev": true,
      "requires": {
        "mdn-data": "2.0.14",
        "source-map": "^0.6.1"
      }
    },
    "css-what": {
      "version": "5.0.1",
      "resolved": "https://r.cnpmjs.org/css-what/download/css-what-5.0.1.tgz",
      "integrity": "sha1-PvqCATH0ZpqKwkCPnDLnx96fTK0=",
      "dev": true
    },
    "csso": {
      "version": "4.2.0",
      "resolved": "https://r.cnpmjs.org/csso/download/csso-4.2.0.tgz",
      "integrity": "sha1-6jpWE0bo3J9UbW/r7dUBh884lSk=",
      "dev": true,
      "requires": {
        "css-tree": "^1.1.2"
      }
    },
    "dom-serializer": {
      "version": "1.3.2",
      "resolved": "https://r.cnpmjs.org/dom-serializer/download/dom-serializer-1.3.2.tgz",
      "integrity": "sha1-YgZDfTLO767HFhgDIwx6ILwbTZE=",
      "dev": true,
      "requires": {
        "domelementtype": "^2.0.1",
        "domhandler": "^4.2.0",
        "entities": "^2.0.0"
      }
    },
    "domelementtype": {
      "version": "2.2.0",
      "resolved": "https://r.cnpmjs.org/domelementtype/download/domelementtype-2.2.0.tgz",
      "integrity": "sha1-mgtsJ4LtahxzI9QiZxg9+b2LHVc=",
      "dev": true
    },
    "domhandler": {
      "version": "4.2.0",
      "resolved": "https://r.cnpmjs.org/domhandler/download/domhandler-4.2.0.tgz",
      "integrity": "sha1-+XaKXwNL5gqJonwuTQ9066DYsFk=",
      "dev": true,
      "requires": {
        "domelementtype": "^2.2.0"
      }
    },
    "domutils": {
      "version": "2.7.0",
      "resolved": "https://r.cnpmjs.org/domutils/download/domutils-2.7.0.tgz",
      "integrity": "sha1-jrrwxB66/PVbC3LsMcVjI3EsVEI=",
      "dev": true,
      "requires": {
        "dom-serializer": "^1.0.1",
        "domelementtype": "^2.2.0",
        "domhandler": "^4.2.0"
      }
    },
    "entities": {
      "version": "2.2.0",
      "resolved": "https://r.cnpmjs.org/entities/download/entities-2.2.0.tgz",
      "integrity": "sha1-CY3JDruD2N/6CJ1VJWs1HTTE2lU=",
      "dev": true
    },
    "esbuild": {
      "version": "0.8.18",
      "resolved": "https://r.cnpmjs.org/esbuild/download/esbuild-0.8.18.tgz",
      "integrity": "sha1-Soxw34//onFkom2qPsWM5vExVEY="
    },
    "esbuild-plugin-svg": {
      "version": "0.1.0",
      "resolved": "https://r.cnpmjs.org/esbuild-plugin-svg/download/esbuild-plugin-svg-0.1.0.tgz",
      "integrity": "sha1-bG5Sq+CK4XFNI2Els+nBVyQI0yQ=",
      "dev": true,
      "requires": {
        "svgo": "^2.2.2"
      }
    },
    "has-flag": {
      "version": "4.0.0",
      "resolved": "https://r.cnpmjs.org/has-flag/download/has-flag-4.0.0.tgz",
      "integrity": "sha1-lEdx/ZyByBJlxNaUGGDaBrtZR5s=",
      "dev": true
    },
    "mdn-data": {
      "version": "2.0.14",
      "resolved": "https://r.cnpmjs.org/mdn-data/download/mdn-data-2.0.14.tgz",
      "integrity": "sha1-cRP8QoGRfWPOKbQ0RvcB5owlulA=",
      "dev": true
    },
    "nth-check": {
      "version": "2.0.0",
      "resolved": "https://r.cnpmjs.org/nth-check/download/nth-check-2.0.0.tgz",
      "integrity": "sha1-G7T22scAcvwxPoyc0UF7UHTAoSU=",
      "dev": true,
      "requires": {
        "boolbase": "^1.0.0"
      }
    },
    "source-map": {
      "version": "0.6.1",
      "resolved": "https://r.cnpmjs.org/source-map/download/source-map-0.6.1.tgz",
      "integrity": "sha1-dHIq8y6WFOnCh6jQu95IteLxomM=",
      "dev": true
    },
    "stable": {
      "version": "0.1.8",
      "resolved": "https://r.cnpmjs.org/stable/download/stable-0.1.8.tgz",
      "integrity": "sha1-g26zyDgv4pNv6vVEYxAXzn1Ho88=",
      "dev": true
    },
    "supports-color": {
      "version": "7.2.0",
      "resolved": "https://r.cnpmjs.org/supports-color/download/supports-color-7.2.0.tgz",
      "integrity": "sha1-G33NyzK4E4gBs+R4umpRyqiWSNo=",
      "dev": true,
      "requires": {
        "has-flag": "^4.0.0"
      }
    },
    "svgo": {
      "version": "2.3.1",
      "resolved": "https://r.cnpmjs.org/svgo/download/svgo-2.3.1.tgz",
      "integrity": "sha1-YDppzlAxHA42eRUo9UlkTsGz9Lw=",
      "dev": true,
      "requires": {
        "@trysound/sax": "0.1.1",
        "chalk": "^4.1.0",
        "commander": "^7.1.0",
        "css-select": "^4.1.3",
        "css-tree": "^1.1.2",
        "csso": "^4.2.0",
        "stable": "^0.1.8"
      }
    }
  }
}
