{
  "name": "canvas-edit",
  "version": "1.0.0",
  "lockfileVersion": 1,
  "requires": true,
  "dependencies": {
    "esbuild": {
      "version": "0.8.18",
      "resolved": "https://r.cnpmjs.org/esbuild/download/esbuild-0.8.18.tgz",
      "integrity": "sha1-Soxw34//onFkom2qPsWM5vExVEY="
    }
  }
}
